
Microsoft Visual Studio Solution File, Format Version 10.00
# Visual Studio 2008
Project("{FAE04EC0-301F-11D3-BF4B-00C04F79EFBC}") = "ngenstrings", "ngenstrings.csproj", "{8BF570CE-C883-425B-BFA7-F445609313F8}"
EndProject
Global
	GlobalSection(SolutionConfigurationPlatforms) = preSolution
		Debug|x86 = Debug|x86
		Release|x86 = Release|x86
	EndGlobalSection
	GlobalSection(ProjectConfigurationPlatforms) = postSolution
		{8BF570CE-C883-425B-BFA7-F445609313F8}.Debug|x86.ActiveCfg = Debug|x86
		{8BF570CE-C883-425B-BFA7-F445609313F8}.Debug|x86.Build.0 = Debug|x86
		{8BF570CE-C883-425B-BFA7-F445609313F8}.Release|x86.ActiveCfg = Release|x86
		{8BF570CE-C883-425B-BFA7-F445609313F8}.Release|x86.Build.0 = Release|x86
	EndGlobalSection
	GlobalSection(MonoDevelopProperties) = preSolution
		StartupItem = ngenstrings.csproj
	EndGlobalSection
EndGlobal
